{
    "_readme": [
        "This file locks the dependencies of your project to a known state",
        "Read more about it at https://getcomposer.org/doc/01-basic-usage.md#installing-dependencies",
        "This file is @generated automatically"
    ],
    "content-hash": "78d8ec11ae65df380eb48a5fb760d527",
    "packages": [
        {
            "name": "narmafzam/cmb2",
            "version": "dev-master",
            "source": {
                "type": "git",
                "url": "https://github.com/narmafzam/CMB2.git",
                "reference": "d7e70c9d483b4394de98ac9cabbec757dec84eb5"
            },
            "dist": {
                "type": "zip",
                "url": "https://api.github.com/repos/narmafzam/CMB2/zipball/d7e70c9d483b4394de98ac9cabbec757dec84eb5",
                "reference": "d7e70c9d483b4394de98ac9cabbec757dec84eb5",
                "shasum": ""
            },
            "require": {
                "php": ">5.2.4"
            },
            "require-dev": {
                "apigen/apigen": "4.1.2",
                "nette/utils": "2.5.3",
                "phpunit/phpunit": "6.5.13"
            },
            "suggest": {
                "composer/installers": "~1.0"
            },
            "type": "project",
            "notification-url": "https://packagist.org/downloads/",
            "license": [
                "proprietary"
            ],
            "description": "CMB2 is a metabox, custom fields, and forms library for WP that will blow your mind.",
            "homepage": "https://github.com/narmafzam/CMB2",
            "keywords": [
                "metabox",
                "plugin",
                "wordpress"
            ],
            "time": "2020-11-25T20:53:13+00:00"
        },
        {
            "name": "narmafzam/generic",
            "version": "1.0.8",
            "source": {
                "type": "git",
                "url": "https://github.com/narmafzam/generic.git",
                "reference": "f69238d63c62ba2e39a3307d8d0340efc66d22fd"
            },
            "dist": {
                "type": "zip",
                "url": "https://api.github.com/repos/narmafzam/generic/zipball/f69238d63c62ba2e39a3307d8d0340efc66d22fd",
                "reference": "f69238d63c62ba2e39a3307d8d0340efc66d22fd",
                "shasum": ""
            },
            "require": {
                "php": ">=7.2",
                "symfony/asset": "v5.2.0"
            },
            "type": "project",
            "autoload": {
                "psr-4": {
                    "Generic\\": "src/Generic"
                }
            },
            "notification-url": "https://packagist.org/downloads/",
            "license": [
                "proprietary"
            ],
            "authors": [
                {
                    "name": "Farshad Asgharzade",
                    "email": "farshadasgharzade@gmail.com",
                    "role": "Developer"
                }
            ],
            "keywords": [
                "CMB2",
                "fields",
                "plugin",
                "wordpress"
            ],
            "time": "2020-12-16T14:02:48+00:00"
        },
        {
            "name": "symfony/asset",
            "version": "v5.2.0",
            "source": {
                "type": "git",
                "url": "https://github.com/symfony/asset.git",
                "reference": "19c59713f750642206b21a1edec5c18dea80f979"
            },
            "dist": {
                "type": "zip",
                "url": "https://api.github.com/repos/symfony/asset/zipball/19c59713f750642206b21a1edec5c18dea80f979",
                "reference": "19c59713f750642206b21a1edec5c18dea80f979",
                "shasum": ""
            },
            "require": {
                "php": ">=7.2.5"
            },
            "require-dev": {
                "symfony/http-client": "^4.4|^5.0",
                "symfony/http-foundation": "^4.4|^5.0",
                "symfony/http-kernel": "^4.4|^5.0"
            },
            "suggest": {
                "symfony/http-foundation": ""
            },
            "type": "library",
            "autoload": {
                "psr-4": {
                    "Symfony\\Component\\Asset\\": ""
                },
                "exclude-from-classmap": [
                    "/Tests/"
                ]
            },
            "notification-url": "https://packagist.org/downloads/",
            "license": [
                "MIT"
            ],
            "authors": [
                {
                    "name": "Fabien Potencier",
                    "email": "fabien@symfony.com"
                },
                {
                    "name": "Symfony Community",
                    "homepage": "https://symfony.com/contributors"
                }
            ],
            "description": "Symfony Asset Component",
            "homepage": "https://symfony.com",
            "funding": [
                {
                    "url": "https://symfony.com/sponsor",
                    "type": "custom"
                },
                {
                    "url": "https://github.com/fabpot",
                    "type": "github"
                },
                {
                    "url": "https://tidelift.com/funding/github/packagist/symfony/symfony",
                    "type": "tidelift"
                }
            ],
            "time": "2020-10-24T12:01:57+00:00"
        }
    ],
    "packages-dev": [],
    "aliases": [],
    "minimum-stability": "dev",
    "stability-flags": {
        "narmafzam/cmb2": 20
    },
    "prefer-stable": false,
    "prefer-lowest": false,
    "platform": {
        "php": ">=7.2"
    },
    "platform-dev": [],
    "plugin-api-version": "1.1.0"
}
